
Microsoft Visual Studio Solution File, Format Version 12.00
# Visual Studio 15
VisualStudioVersion = 15.0.26430.6
MinimumVisualStudioVersion = 10.0.40219.1
Project("{FAE04EC0-301F-11D3-BF4B-00C04F79EFBC}") = "WpfIoTHubStatistics", "WpfIoTHubStatistics\WpfIoTHubStatistics.csproj", "{4C5AD8B4-E035-45C0-964D-D68E1CD4680C}"
EndProject
Project("{FAE04EC0-301F-11D3-BF4B-00C04F79EFBC}") = "TestDevicePad", "TestDevicePad\TestDevicePad.csproj", "{4E48BFCE-C3EB-4D70-B794-DE7DD9769D26}"
EndProject
Project("{9A19103F-16F7-4668-BE54-9A1E7A4F7556}") = "AzureIoTHubQuotaLibrary", "AzureIoTHubQuotaLibrary\AzureIoTHubQuotaLibrary.csproj", "{503F7942-C366-4B9A-A6BD-6464AE1CF8E2}"
EndProject
Project("{FAE04EC0-301F-11D3-BF4B-00C04F79EFBC}") = "AzureIoTHubQuotaLibraryNETF", "AzureIoTHubQuotaLibraryNETF\AzureIoTHubQuotaLibraryNETF.csproj", "{31DD9A99-1ABB-463A-AF1B-E2EFFF95E987}"
EndProject
Project("{FAE04EC0-301F-11D3-BF4B-00C04F79EFBC}") = "NETCoreIoTHubStatistics", "NETCoreIoTHubStatistics\NETCoreIoTHubStatistics.csproj", "{3A9CFF47-2668-4AF2-ACF7-649169A0995A}"
EndProject
Global
	GlobalSection(SolutionConfigurationPlatforms) = preSolution
		Debug|Any CPU = Debug|Any CPU
		Release|Any CPU = Release|Any CPU
	EndGlobalSection
	GlobalSection(ProjectConfigurationPlatforms) = postSolution
		{4C5AD8B4-E035-45C0-964D-D68E1CD4680C}.Debug|Any CPU.ActiveCfg = Debug|Any CPU
		{4C5AD8B4-E035-45C0-964D-D68E1CD4680C}.Debug|Any CPU.Build.0 = Debug|Any CPU
		{4C5AD8B4-E035-45C0-964D-D68E1CD4680C}.Release|Any CPU.ActiveCfg = Release|Any CPU
		{4C5AD8B4-E035-45C0-964D-D68E1CD4680C}.Release|Any CPU.Build.0 = Release|Any CPU
		{4E48BFCE-C3EB-4D70-B794-DE7DD9769D26}.Debug|Any CPU.ActiveCfg = Debug|Any CPU
		{4E48BFCE-C3EB-4D70-B794-DE7DD9769D26}.Debug|Any CPU.Build.0 = Debug|Any CPU
		{4E48BFCE-C3EB-4D70-B794-DE7DD9769D26}.Release|Any CPU.ActiveCfg = Release|Any CPU
		{4E48BFCE-C3EB-4D70-B794-DE7DD9769D26}.Release|Any CPU.Build.0 = Release|Any CPU
		{503F7942-C366-4B9A-A6BD-6464AE1CF8E2}.Debug|Any CPU.ActiveCfg = Debug|Any CPU
		{503F7942-C366-4B9A-A6BD-6464AE1CF8E2}.Debug|Any CPU.Build.0 = Debug|Any CPU
		{503F7942-C366-4B9A-A6BD-6464AE1CF8E2}.Release|Any CPU.ActiveCfg = Release|Any CPU
		{503F7942-C366-4B9A-A6BD-6464AE1CF8E2}.Release|Any CPU.Build.0 = Release|Any CPU
		{31DD9A99-1ABB-463A-AF1B-E2EFFF95E987}.Debug|Any CPU.ActiveCfg = Debug|Any CPU
		{31DD9A99-1ABB-463A-AF1B-E2EFFF95E987}.Debug|Any CPU.Build.0 = Debug|Any CPU
		{31DD9A99-1ABB-463A-AF1B-E2EFFF95E987}.Release|Any CPU.ActiveCfg = Release|Any CPU
		{31DD9A99-1ABB-463A-AF1B-E2EFFF95E987}.Release|Any CPU.Build.0 = Release|Any CPU
		{3A9CFF47-2668-4AF2-ACF7-649169A0995A}.Debug|Any CPU.ActiveCfg = Debug|Any CPU
		{3A9CFF47-2668-4AF2-ACF7-649169A0995A}.Debug|Any CPU.Build.0 = Debug|Any CPU
		{3A9CFF47-2668-4AF2-ACF7-649169A0995A}.Release|Any CPU.ActiveCfg = Release|Any CPU
		{3A9CFF47-2668-4AF2-ACF7-649169A0995A}.Release|Any CPU.Build.0 = Release|Any CPU
	EndGlobalSection
	GlobalSection(SolutionProperties) = preSolution
		HideSolutionNode = FALSE
	EndGlobalSection
	GlobalSection(ExtensibilityGlobals) = postSolution
		EnterpriseLibraryConfigurationToolBinariesPathV6 = packages\EnterpriseLibrary.TransientFaultHandling.6.0.1304.0\lib\portable-net45+win+wp8
	EndGlobalSection
EndGlobal
